
Microsoft Visual Studio Solution File, Format Version 12.00
# Visual Studio Version 16
VisualStudioVersion = 16.0.31005.135
MinimumVisualStudioVersion = 10.0.40219.1
Project("{FAE04EC0-301F-11D3-BF4B-00C04F79EFBC}") = "GameProject", "GameProject\GameProject.csproj", "{21EA86A4-FE6A-43E2-8100-25317AF24AC8}"
EndProject
Global
	GlobalSection(SolutionConfigurationPlatforms) = preSolution
		Debug|Any CPU = Debug|Any CPU
		Release|Any CPU = Release|Any CPU
	EndGlobalSection
	GlobalSection(ProjectConfigurationPlatforms) = postSolution
		{21EA86A4-FE6A-43E2-8100-25317AF24AC8}.Debug|Any CPU.ActiveCfg = Debug|Any CPU
		{21EA86A4-FE6A-43E2-8100-25317AF24AC8}.Debug|Any CPU.Build.0 = Debug|Any CPU
		{21EA86A4-FE6A-43E2-8100-25317AF24AC8}.Release|Any CPU.ActiveCfg = Release|Any CPU
		{21EA86A4-FE6A-43E2-8100-25317AF24AC8}.Release|Any CPU.Build.0 = Release|Any CPU
	EndGlobalSection
	GlobalSection(SolutionProperties) = preSolution
		HideSolutionNode = FALSE
	EndGlobalSection
	GlobalSection(ExtensibilityGlobals) = postSolution
		SolutionGuid = {8F1275F6-A16D-402B-8817-4EF8DAC31D2C}
	EndGlobalSection
EndGlobal
